
Microsoft Visual Studio Solution File, Format Version 12.00
# Visual Studio Version 17
VisualStudioVersion = 17.10.35027.167
MinimumVisualStudioVersion = 10.0.40219.1
Project("{FAE04EC0-301F-11D3-BF4B-00C04F79EFBC}") = "GerenciadorLivraria", "GerenciadorLivraria.csproj", "{5F03568D-5AE0-4B3F-857A-A73A219E1726}"
EndProject
Global
	GlobalSection(SolutionConfigurationPlatforms) = preSolution
		Debug|Any CPU = Debug|Any CPU
		Release|Any CPU = Release|Any CPU
	EndGlobalSection
	GlobalSection(ProjectConfigurationPlatforms) = postSolution
		{5F03568D-5AE0-4B3F-857A-A73A219E1726}.Debug|Any CPU.ActiveCfg = Debug|Any CPU
		{5F03568D-5AE0-4B3F-857A-A73A219E1726}.Debug|Any CPU.Build.0 = Debug|Any CPU
		{5F03568D-5AE0-4B3F-857A-A73A219E1726}.Release|Any CPU.ActiveCfg = Release|Any CPU
		{5F03568D-5AE0-4B3F-857A-A73A219E1726}.Release|Any CPU.Build.0 = Release|Any CPU
	EndGlobalSection
	GlobalSection(SolutionProperties) = preSolution
		HideSolutionNode = FALSE
	EndGlobalSection
	GlobalSection(ExtensibilityGlobals) = postSolution
		SolutionGuid = {27209A3B-5B92-4F4F-B601-AE4C23BE231E}
	EndGlobalSection
EndGlobal
